<?xml version="1.0" encoding="utf-8"?>
<Project ToolsVersion="4.0" xmlns="http://schemas.microsoft.com/developer/msbuild/2003">
  <ItemGroup>
    <Filter Include="Source Files">
      <UniqueIdentifier>{e93149c7-81ae-4057-bf9b-e5b817a9fb07}</UniqueIdentifier>
      <Extensions>cpp;c;cxx;rc;def;r;odl;idl;hpj;bat</Extensions>
    </Filter>
    <Filter Include="Header Files">
      <UniqueIdentifier>{1db2e4d3-b0f8-4efd-991e-0ea24d09dc13}</UniqueIdentifier>
      <Extensions>h;hpp;hxx;hm;inl</Extensions>
    </Filter>
  </ItemGroup>
  <ItemGroup>
    <ClCompile Include="directory.cpp">
      <Filter>Source Files</Filter>
    </ClCompile>
    <ClCompile Include="hash.cpp">
      <Filter>Source Files</Filter>
    </ClCompile>
    <ClCompile Include="module.cpp">
      <Filter>Source Files</Filter>
    </ClCompile>
    <ClCompile Include="os.cpp">
      <Filter>Source Files</Filter>
    </ClCompile>
    <ClCompile Include="params.cpp">
      <Filter>Source Files</Filter>
    </ClCompile>
    <ClCompile Include="tgf.cpp">
      <Filter>Source Files</Filter>
    </ClCompile>
    <ClCompile Include="trace.cpp">
      <Filter>Source Files</Filter>
    </ClCompile>
  </ItemGroup>
  <ItemGroup>
    <None Include="tgf.def">
      <Filter>Source Files</Filter>
    </None>
  </ItemGroup>
  <ItemGroup>
    <ClInclude Include="os.h">
      <Filter>Header Files</Filter>
    </ClInclude>
    <ClInclude Include="params.h">
      <Filter>Header Files</Filter>
    </ClInclude>
    <ClInclude Include="tgf.h">
      <Filter>Header Files</Filter>
    </ClInclude>
  </ItemGroup>
</Project>