<?xml version="1.0" encoding="utf-8"?>
<Project ToolsVersion="4.0" xmlns="http://schemas.microsoft.com/developer/msbuild/2003">
  <ItemGroup>
    <Filter Include="Quellcodedateien">
      <UniqueIdentifier>{87aa9785-48ac-46ec-b0a3-fac27f828c46}</UniqueIdentifier>
      <Extensions>cpp;c;cxx;rc;def;r;odl;idl;hpj;bat</Extensions>
    </Filter>
    <Filter Include="Header-Dateien">
      <UniqueIdentifier>{b9649dc3-c6fb-4102-8e42-3b150f9be772}</UniqueIdentifier>
      <Extensions>h;hpp;hxx;hm;inl</Extensions>
    </Filter>
    <Filter Include="Ressourcendateien">
      <UniqueIdentifier>{d868c533-21d8-4fde-962b-3d9262fe0dbf}</UniqueIdentifier>
      <Extensions>ico;cur;bmp;dlg;rc2;rct;bin;rgs;gif;jpg;jpeg;jpe</Extensions>
    </Filter>
  </ItemGroup>
  <ItemGroup>
    <ClCompile Include="ANN.cpp">
      <Filter>Quellcodedateien</Filter>
    </ClCompile>
    <ClCompile Include="ann_policy.cpp">
      <Filter>Quellcodedateien</Filter>
    </ClCompile>
    <ClCompile Include="Distribution.cpp">
      <Filter>Quellcodedateien</Filter>
    </ClCompile>
    <ClCompile Include="List.cpp">
      <Filter>Quellcodedateien</Filter>
    </ClCompile>
    <ClCompile Include="MathFunctions.cpp">
      <Filter>Quellcodedateien</Filter>
    </ClCompile>
    <ClCompile Include="policy.cpp">
      <Filter>Quellcodedateien</Filter>
    </ClCompile>
    <ClCompile Include="string_utils.cpp">
      <Filter>Quellcodedateien</Filter>
    </ClCompile>
  </ItemGroup>
  <ItemGroup>
    <None Include="learning.def">
      <Filter>Quellcodedateien</Filter>
    </None>
  </ItemGroup>
  <ItemGroup>
    <ClInclude Include="ANN.h">
      <Filter>Header-Dateien</Filter>
    </ClInclude>
    <ClInclude Include="ann_policy.h">
      <Filter>Header-Dateien</Filter>
    </ClInclude>
    <ClInclude Include="Distribution.h">
      <Filter>Header-Dateien</Filter>
    </ClInclude>
    <ClInclude Include="learn_debug.h">
      <Filter>Header-Dateien</Filter>
    </ClInclude>
    <ClInclude Include="List.h">
      <Filter>Header-Dateien</Filter>
    </ClInclude>
    <ClInclude Include="MathFunctions.h">
      <Filter>Header-Dateien</Filter>
    </ClInclude>
    <ClInclude Include="policy.h">
      <Filter>Header-Dateien</Filter>
    </ClInclude>
    <ClInclude Include="real.h">
      <Filter>Header-Dateien</Filter>
    </ClInclude>
    <ClInclude Include="string_utils.h">
      <Filter>Header-Dateien</Filter>
    </ClInclude>
  </ItemGroup>
</Project>