<?xml version="1.0" encoding="utf-8"?>
<Project ToolsVersion="4.0" xmlns="http://schemas.microsoft.com/developer/msbuild/2003">
  <ItemGroup>
    <Filter Include="Source Files">
      <UniqueIdentifier>{275105d5-4b04-41f6-952a-343e6a863d98}</UniqueIdentifier>
      <Extensions>cpp;c;cxx;rc;def;r;odl;idl;hpj;bat</Extensions>
    </Filter>
    <Filter Include="Header Files">
      <UniqueIdentifier>{88fad3d2-1add-480b-a904-2413a79003dc}</UniqueIdentifier>
      <Extensions>h;hpp;hxx;hm;inl</Extensions>
    </Filter>
    <Filter Include="Resource Files">
      <UniqueIdentifier>{60320ecd-476a-452e-b32e-2e5c7754c73c}</UniqueIdentifier>
      <Extensions>ico;cur;bmp;dlg;rc2;rct;bin;rgs;gif;jpg;jpeg;jpe</Extensions>
    </Filter>
  </ItemGroup>
  <ItemGroup>
    <ClCompile Include="ac3d.cpp">
      <Filter>Source Files</Filter>
    </ClCompile>
    <ClCompile Include="easymesh.cpp">
      <Filter>Source Files</Filter>
    </ClCompile>
    <ClCompile Include="elevation.cpp">
      <Filter>Source Files</Filter>
    </ClCompile>
    <ClCompile Include="maintrackgen.cpp">
      <Filter>Source Files</Filter>
    </ClCompile>
    <ClCompile Include="objects.cpp">
      <Filter>Source Files</Filter>
    </ClCompile>
    <ClCompile Include="raceline.cpp">
      <Filter>Source Files</Filter>
    </ClCompile>
    <ClCompile Include="relief.cpp">
      <Filter>Source Files</Filter>
    </ClCompile>
    <ClCompile Include="track.cpp">
      <Filter>Source Files</Filter>
    </ClCompile>
    <ClCompile Include="util.cpp">
      <Filter>Source Files</Filter>
    </ClCompile>
    <ClCompile Include="..\..\windows\windowsspec.cpp">
      <Filter>Source Files</Filter>
    </ClCompile>
  </ItemGroup>
  <ItemGroup>
    <ClInclude Include="trackgen.h">
      <Filter>Header Files</Filter>
    </ClInclude>
  </ItemGroup>
</Project>